
Microsoft Visual Studio Solution File, Format Version 12.00
# Visual Studio Version 17
VisualStudioVersion = 17.10.34916.146
MinimumVisualStudioVersion = 10.0.40219.1
Project("{9A19103F-16F7-4668-BE54-9A1E7A4F7556}") = "GymAppWebApp_front", "GymAppWebApp_front\GymAppWebApp_front.csproj", "{27476099-61E7-4CBD-ACB6-84A2505D68C8}"
EndProject
Global
	GlobalSection(SolutionConfigurationPlatforms) = preSolution
		Debug|Any CPU = Debug|Any CPU
		Release|Any CPU = Release|Any CPU
	EndGlobalSection
	GlobalSection(ProjectConfigurationPlatforms) = postSolution
		{27476099-61E7-4CBD-ACB6-84A2505D68C8}.Debug|Any CPU.ActiveCfg = Debug|Any CPU
		{27476099-61E7-4CBD-ACB6-84A2505D68C8}.Debug|Any CPU.Build.0 = Debug|Any CPU
		{27476099-61E7-4CBD-ACB6-84A2505D68C8}.Release|Any CPU.ActiveCfg = Release|Any CPU
		{27476099-61E7-4CBD-ACB6-84A2505D68C8}.Release|Any CPU.Build.0 = Release|Any CPU
	EndGlobalSection
	GlobalSection(SolutionProperties) = preSolution
		HideSolutionNode = FALSE
	EndGlobalSection
	GlobalSection(ExtensibilityGlobals) = postSolution
		SolutionGuid = {D7E5FC44-C0A7-44DB-83C5-66F5A74E3A3E}
	EndGlobalSection
EndGlobal
